
Microsoft Visual Studio Solution File, Format Version 12.00
# Visual Studio Version 17
VisualStudioVersion = 17.14.36221.1 d17.14
MinimumVisualStudioVersion = 10.0.40219.1
Project("{FAE04EC0-301F-11D3-BF4B-00C04F79EFBC}") = "Enquiry API", "Enquiry API\Enquiry API.csproj", "{B1DD9BA2-1B8A-4AEA-9063-B5BADC0D8992}"
EndProject
Global
	GlobalSection(SolutionConfigurationPlatforms) = preSolution
		Debug|Any CPU = Debug|Any CPU
		Release|Any CPU = Release|Any CPU
	EndGlobalSection
	GlobalSection(ProjectConfigurationPlatforms) = postSolution
		{B1DD9BA2-1B8A-4AEA-9063-B5BADC0D8992}.Debug|Any CPU.ActiveCfg = Debug|Any CPU
		{B1DD9BA2-1B8A-4AEA-9063-B5BADC0D8992}.Debug|Any CPU.Build.0 = Debug|Any CPU
		{B1DD9BA2-1B8A-4AEA-9063-B5BADC0D8992}.Release|Any CPU.ActiveCfg = Release|Any CPU
		{B1DD9BA2-1B8A-4AEA-9063-B5BADC0D8992}.Release|Any CPU.Build.0 = Release|Any CPU
	EndGlobalSection
	GlobalSection(SolutionProperties) = preSolution
		HideSolutionNode = FALSE
	EndGlobalSection
	GlobalSection(ExtensibilityGlobals) = postSolution
		SolutionGuid = {55E9D7D2-DB13-4596-AD8E-A9BBA7D8BB84}
	EndGlobalSection
EndGlobal
